
Microsoft Visual Studio Solution File, Format Version 12.00
# Visual Studio Version 16
VisualStudioVersion = 16.0.31129.286
MinimumVisualStudioVersion = 10.0.40219.1
Project("{9A19103F-16F7-4668-BE54-9A1E7A4F7556}") = "HCL.CS.SF.DemoServerApp", "HCL.CS.SF.DemoServerApp.csproj", "{20644C41-5FDD-4375-8A29-A74D789244BF}"
EndProject
Global
	GlobalSection(SolutionConfigurationPlatforms) = preSolution
		Debug|Any CPU = Debug|Any CPU
		Release|Any CPU = Release|Any CPU
	EndGlobalSection
	GlobalSection(ProjectConfigurationPlatforms) = postSolution
		{20644C41-5FDD-4375-8A29-A74D789244BF}.Debug|Any CPU.ActiveCfg = Debug|Any CPU
		{20644C41-5FDD-4375-8A29-A74D789244BF}.Debug|Any CPU.Build.0 = Debug|Any CPU
		{20644C41-5FDD-4375-8A29-A74D789244BF}.Release|Any CPU.ActiveCfg = Release|Any CPU
		{20644C41-5FDD-4375-8A29-A74D789244BF}.Release|Any CPU.Build.0 = Release|Any CPU
	EndGlobalSection
	GlobalSection(SolutionProperties) = preSolution
		HideSolutionNode = FALSE
	EndGlobalSection
	GlobalSection(ExtensibilityGlobals) = postSolution
		SolutionGuid = {30712C7F-3ED4-4F27-B3D2-A493C09D3337}
	EndGlobalSection
EndGlobal

